
Microsoft Visual Studio Solution File, Format Version 12.00
# Visual Studio Version 17
VisualStudioVersion = 17.7.34031.279
MinimumVisualStudioVersion = 10.0.40219.1
Project("{FAE04EC0-301F-11D3-BF4B-00C04F79EFBC}") = "NLayer.Core", "NLayer.Core\NLayer.Core.csproj", "{150A909A-E630-4E49-B7AA-FF1B05DDE426}"
EndProject
Project("{FAE04EC0-301F-11D3-BF4B-00C04F79EFBC}") = "NLayer.Repository", "NLayer.Repository\NLayer.Repository.csproj", "{8D07A2A5-20E5-4A56-B758-1A590DA32472}"
EndProject
Project("{FAE04EC0-301F-11D3-BF4B-00C04F79EFBC}") = "NLayer.Service", "NLayer.Service\NLayer.Service.csproj", "{FEA8237F-2BBB-4D51-92A1-8660374DC0A6}"
EndProject
Project("{FAE04EC0-301F-11D3-BF4B-00C04F79EFBC}") = "NLayer.API", "NLayer.API\NLayer.API.csproj", "{39A699EA-1D85-4AC5-A128-6BB61C473738}"
EndProject
Project("{FAE04EC0-301F-11D3-BF4B-00C04F79EFBC}") = "NLayer.Web", "NLayer.Web\NLayer.Web.csproj", "{32041758-66BE-47E8-975B-2DAAFDDAE1BE}"
EndProject
Project("{FAE04EC0-301F-11D3-BF4B-00C04F79EFBC}") = "NLayer.Caching", "NLayer.Caching\NLayer.Caching.csproj", "{584B4D2A-A0C8-4D5C-9FD9-72D4DC6E294D}"
EndProject
Global
	GlobalSection(SolutionConfigurationPlatforms) = preSolution
		Debug|Any CPU = Debug|Any CPU
		Release|Any CPU = Release|Any CPU
	EndGlobalSection
	GlobalSection(ProjectConfigurationPlatforms) = postSolution
		{150A909A-E630-4E49-B7AA-FF1B05DDE426}.Debug|Any CPU.ActiveCfg = Debug|Any CPU
		{150A909A-E630-4E49-B7AA-FF1B05DDE426}.Debug|Any CPU.Build.0 = Debug|Any CPU
		{150A909A-E630-4E49-B7AA-FF1B05DDE426}.Release|Any CPU.ActiveCfg = Release|Any CPU
		{150A909A-E630-4E49-B7AA-FF1B05DDE426}.Release|Any CPU.Build.0 = Release|Any CPU
		{8D07A2A5-20E5-4A56-B758-1A590DA32472}.Debug|Any CPU.ActiveCfg = Debug|Any CPU
		{8D07A2A5-20E5-4A56-B758-1A590DA32472}.Debug|Any CPU.Build.0 = Debug|Any CPU
		{8D07A2A5-20E5-4A56-B758-1A590DA32472}.Release|Any CPU.ActiveCfg = Release|Any CPU
		{8D07A2A5-20E5-4A56-B758-1A590DA32472}.Release|Any CPU.Build.0 = Release|Any CPU
		{FEA8237F-2BBB-4D51-92A1-8660374DC0A6}.Debug|Any CPU.ActiveCfg = Debug|Any CPU
		{FEA8237F-2BBB-4D51-92A1-8660374DC0A6}.Debug|Any CPU.Build.0 = Debug|Any CPU
		{FEA8237F-2BBB-4D51-92A1-8660374DC0A6}.Release|Any CPU.ActiveCfg = Release|Any CPU
		{FEA8237F-2BBB-4D51-92A1-8660374DC0A6}.Release|Any CPU.Build.0 = Release|Any CPU
		{39A699EA-1D85-4AC5-A128-6BB61C473738}.Debug|Any CPU.ActiveCfg = Debug|Any CPU
		{39A699EA-1D85-4AC5-A128-6BB61C473738}.Debug|Any CPU.Build.0 = Debug|Any CPU
		{39A699EA-1D85-4AC5-A128-6BB61C473738}.Release|Any CPU.ActiveCfg = Release|Any CPU
		{39A699EA-1D85-4AC5-A128-6BB61C473738}.Release|Any CPU.Build.0 = Release|Any CPU
		{32041758-66BE-47E8-975B-2DAAFDDAE1BE}.Debug|Any CPU.ActiveCfg = Debug|Any CPU
		{32041758-66BE-47E8-975B-2DAAFDDAE1BE}.Debug|Any CPU.Build.0 = Debug|Any CPU
		{32041758-66BE-47E8-975B-2DAAFDDAE1BE}.Release|Any CPU.ActiveCfg = Release|Any CPU
		{32041758-66BE-47E8-975B-2DAAFDDAE1BE}.Release|Any CPU.Build.0 = Release|Any CPU
		{584B4D2A-A0C8-4D5C-9FD9-72D4DC6E294D}.Debug|Any CPU.ActiveCfg = Debug|Any CPU
		{584B4D2A-A0C8-4D5C-9FD9-72D4DC6E294D}.Debug|Any CPU.Build.0 = Debug|Any CPU
		{584B4D2A-A0C8-4D5C-9FD9-72D4DC6E294D}.Release|Any CPU.ActiveCfg = Release|Any CPU
		{584B4D2A-A0C8-4D5C-9FD9-72D4DC6E294D}.Release|Any CPU.Build.0 = Release|Any CPU
	EndGlobalSection
	GlobalSection(SolutionProperties) = preSolution
		HideSolutionNode = FALSE
	EndGlobalSection
	GlobalSection(ExtensibilityGlobals) = postSolution
		SolutionGuid = {80A42A50-5326-4F94-881B-64B4E3E7F984}
	EndGlobalSection
EndGlobal
